
Microsoft Visual Studio Solution File, Format Version 12.00
# Visual Studio 15
VisualStudioVersion = 15.0.26730.3
MinimumVisualStudioVersion = 10.0.40219.1
Project("{FAE04EC0-301F-11D3-BF4B-00C04F79EFBC}") = "html2pdf", "html2pdf\html2pdf.csproj", "{FC773C79-409A-4FC0-9CFE-0BC841543A16}"
EndProject
Global
	GlobalSection(SolutionConfigurationPlatforms) = preSolution
		Debug|Any CPU = Debug|Any CPU
		Release|Any CPU = Release|Any CPU
	EndGlobalSection
	GlobalSection(ProjectConfigurationPlatforms) = postSolution
		{FC773C79-409A-4FC0-9CFE-0BC841543A16}.Debug|Any CPU.ActiveCfg = Debug|Any CPU
		{FC773C79-409A-4FC0-9CFE-0BC841543A16}.Debug|Any CPU.Build.0 = Debug|Any CPU
		{FC773C79-409A-4FC0-9CFE-0BC841543A16}.Release|Any CPU.ActiveCfg = Release|Any CPU
		{FC773C79-409A-4FC0-9CFE-0BC841543A16}.Release|Any CPU.Build.0 = Release|Any CPU
	EndGlobalSection
	GlobalSection(SolutionProperties) = preSolution
		HideSolutionNode = FALSE
	EndGlobalSection
	GlobalSection(ExtensibilityGlobals) = postSolution
		SolutionGuid = {B68B7384-E1DC-45E2-BCE0-F8DCF996654A}
	EndGlobalSection
EndGlobal
